// !$*UTF8*$!
{
	archiveVersion = 1;
	classes = {
	};
	objectVersion = 50;
	objects = {

/* Begin PBXBuildFile section */
		BE2DC4092298DDFB008C6338 /* LevelTwo.sks in Resources */ = {isa = PBXBuildFile; fileRef = BE2DC4082298DDFB008C6338 /* LevelTwo.sks */; };
		BE2DC40B2298DE14008C6338 /* LevelTwo.swift in Sources */ = {isa = PBXBuildFile; fileRef = BE2DC40A2298DE14008C6338 /* LevelTwo.swift */; };
		BE2DC4112298EFEB008C6338 /* LevelFour.sks in Resources */ = {isa = PBXBuildFile; fileRef = BE2DC4102298EFEB008C6338 /* LevelFour.sks */; };
		BE2DC41A22991162008C6338 /* LevelThree.swift in Sources */ = {isa = PBXBuildFile; fileRef = BE2DC41922991162008C6338 /* LevelThree.swift */; };
		BE2DC41C22991197008C6338 /* LevelThree.sks in Resources */ = {isa = PBXBuildFile; fileRef = BE2DC41B22991197008C6338 /* LevelThree.sks */; };
		BE2DC41E229916E2008C6338 /* LevelFour.swift in Sources */ = {isa = PBXBuildFile; fileRef = BE2DC41D229916E2008C6338 /* LevelFour.swift */; };
		BEBF69422292A09200755F5A /* AppDelegate.swift in Sources */ = {isa = PBXBuildFile; fileRef = BEBF69412292A09200755F5A /* AppDelegate.swift */; };
		BEBF69482292A09200755F5A /* GameScene.swift in Sources */ = {isa = PBXBuildFile; fileRef = BEBF69472292A09200755F5A /* GameScene.swift */; };
		BEBF694A2292A09200755F5A /* GameViewController.swift in Sources */ = {isa = PBXBuildFile; fileRef = BEBF69492292A09200755F5A /* GameViewController.swift */; };
		BEBF694D2292A09200755F5A /* Main.storyboard in Resources */ = {isa = PBXBuildFile; fileRef = BEBF694B2292A09200755F5A /* Main.storyboard */; };
		BEBF694F2292A09300755F5A /* Assets.xcassets in Resources */ = {isa = PBXBuildFile; fileRef = BEBF694E2292A09300755F5A /* Assets.xcassets */; };
		BEBF69522292A09300755F5A /* LaunchScreen.storyboard in Resources */ = {isa = PBXBuildFile; fileRef = BEBF69502292A09300755F5A /* LaunchScreen.storyboard */; };
		BECF66BA2298340700EB99AD /* LevelOne.swift in Sources */ = {isa = PBXBuildFile; fileRef = BECF66B92298340700EB99AD /* LevelOne.swift */; };
		BECF66BE2298435700EB99AD /* LevelOne.sks in Resources */ = {isa = PBXBuildFile; fileRef = BECF66BD2298435700EB99AD /* LevelOne.sks */; };
/* End PBXBuildFile section */

/* Begin PBXFileReference section */
		BE2DC4082298DDFB008C6338 /* LevelTwo.sks */ = {isa = PBXFileReference; lastKnownFileType = file.sks; path = LevelTwo.sks; sourceTree = "<group>"; };
		BE2DC40A2298DE14008C6338 /* LevelTwo.swift */ = {isa = PBXFileReference; lastKnownFileType = sourcecode.swift; path = LevelTwo.swift; sourceTree = "<group>"; };
		BE2DC4102298EFEB008C6338 /* LevelFour.sks */ = {isa = PBXFileReference; lastKnownFileType = file.sks; path = LevelFour.sks; sourceTree = "<group>"; };
		BE2DC41922991162008C6338 /* LevelThree.swift */ = {isa = PBXFileReference; lastKnownFileType = sourcecode.swift; path = LevelThree.swift; sourceTree = "<group>"; };
		BE2DC41B22991197008C6338 /* LevelThree.sks */ = {isa = PBXFileReference; lastKnownFileType = file.sks; path = LevelThree.sks; sourceTree = "<group>"; };
		BE2DC41D229916E2008C6338 /* LevelFour.swift */ = {isa = PBXFileReference; lastKnownFileType = sourcecode.swift; path = LevelFour.swift; sourceTree = "<group>"; };
		BEBF693E2292A09200755F5A /* NCOneProject.app */ = {isa = PBXFileReference; explicitFileType = wrapper.application; includeInIndex = 0; path = NCOneProject.app; sourceTree = BUILT_PRODUCTS_DIR; };
		BEBF69412292A09200755F5A /* AppDelegate.swift */ = {isa = PBXFileReference; lastKnownFileType = sourcecode.swift; path = AppDelegate.swift; sourceTree = "<group>"; };
		BEBF69472292A09200755F5A /* GameScene.swift */ = {isa = PBXFileReference; lastKnownFileType = sourcecode.swift; path = GameScene.swift; sourceTree = "<group>"; };
		BEBF69492292A09200755F5A /* GameViewController.swift */ = {isa = PBXFileReference; lastKnownFileType = sourcecode.swift; path = GameViewController.swift; sourceTree = "<group>"; };
		BEBF694C2292A09200755F5A /* Base */ = {isa = PBXFileReference; lastKnownFileType = file.storyboard; name = Base; path = Base.lproj/Main.storyboard; sourceTree = "<group>"; };
		BEBF694E2292A09300755F5A /* Assets.xcassets */ = {isa = PBXFileReference; lastKnownFileType = folder.assetcatalog; path = Assets.xcassets; sourceTree = "<group>"; };
		BEBF69512292A09300755F5A /* Base */ = {isa = PBXFileReference; lastKnownFileType = file.storyboard; name = Base; path = Base.lproj/LaunchScreen.storyboard; sourceTree = "<group>"; };
		BEBF69532292A09300755F5A /* Info.plist */ = {isa = PBXFileReference; lastKnownFileType = text.plist.xml; path = Info.plist; sourceTree = "<group>"; };
		BECF66B92298340700EB99AD /* LevelOne.swift */ = {isa = PBXFileReference; fileEncoding = 4; lastKnownFileType = sourcecode.swift; path = LevelOne.swift; sourceTree = "<group>"; };
		BECF66BD2298435700EB99AD /* LevelOne.sks */ = {isa = PBXFileReference; lastKnownFileType = file.sks; path = LevelOne.sks; sourceTree = "<group>"; };
/* End PBXFileReference section */

/* Begin PBXFrameworksBuildPhase section */
		BEBF693B2292A09200755F5A /* Frameworks */ = {
			isa = PBXFrameworksBuildPhase;
			buildActionMask = 2147483647;
			files = (
			);
			runOnlyForDeploymentPostprocessing = 0;
		};
/* End PBXFrameworksBuildPhase section */

/* Begin PBXGroup section */
		BE2DC40C2298EFA5008C6338 /* Level 1 */ = {
			isa = PBXGroup;
			children = (
				BECF66B92298340700EB99AD /* LevelOne.swift */,
				BECF66BD2298435700EB99AD /* LevelOne.sks */,
			);
			path = "Level 1";
			sourceTree = "<group>";
		};
		BE2DC40D2298EFB3008C6338 /* Level 2 */ = {
			isa = PBXGroup;
			children = (
				BE2DC40A2298DE14008C6338 /* LevelTwo.swift */,
				BE2DC4082298DDFB008C6338 /* LevelTwo.sks */,
			);
			path = "Level 2";
			sourceTree = "<group>";
		};
		BE2DC4122298EFF4008C6338 /* Level 3 */ = {
			isa = PBXGroup;
			children = (
				BE2DC41922991162008C6338 /* LevelThree.swift */,
				BE2DC41B22991197008C6338 /* LevelThree.sks */,
			);
			path = "Level 3";
			sourceTree = "<group>";
		};
		BE2DC41F229918B0008C6338 /* Level Four */ = {
			isa = PBXGroup;
			children = (
				BE2DC4102298EFEB008C6338 /* LevelFour.sks */,
				BE2DC41D229916E2008C6338 /* LevelFour.swift */,
			);
			path = "Level Four";
			sourceTree = "<group>";
		};
		BEBF69352292A09200755F5A = {
			isa = PBXGroup;
			children = (
				BEBF69402292A09200755F5A /* NCOneProject */,
				BEBF693F2292A09200755F5A /* Products */,
			);
			sourceTree = "<group>";
		};
		BEBF693F2292A09200755F5A /* Products */ = {
			isa = PBXGroup;
			children = (
				BEBF693E2292A09200755F5A /* NCOneProject.app */,
			);
			name = Products;
			sourceTree = "<group>";
		};
		BEBF69402292A09200755F5A /* NCOneProject */ = {
			isa = PBXGroup;
			children = (
				BEBF69412292A09200755F5A /* AppDelegate.swift */,
				BEBF69472292A09200755F5A /* GameScene.swift */,
				BE2DC40C2298EFA5008C6338 /* Level 1 */,
				BE2DC40D2298EFB3008C6338 /* Level 2 */,
				BE2DC4122298EFF4008C6338 /* Level 3 */,
				BE2DC41F229918B0008C6338 /* Level Four */,
				BEBF69492292A09200755F5A /* GameViewController.swift */,
				BEBF694B2292A09200755F5A /* Main.storyboard */,
				BEBF694E2292A09300755F5A /* Assets.xcassets */,
				BEBF69502292A09300755F5A /* LaunchScreen.storyboard */,
				BEBF69532292A09300755F5A /* Info.plist */,
			);
			path = NCOneProject;
			sourceTree = "<group>";
		};
/* End PBXGroup section */

/* Begin PBXNativeTarget section */
		BEBF693D2292A09200755F5A /* NCOneProject */ = {
			isa = PBXNativeTarget;
			buildConfigurationList = BEBF69562292A09300755F5A /* Build configuration list for PBXNativeTarget "NCOneProject" */;
			buildPhases = (
				BEBF693A2292A09200755F5A /* Sources */,
				BEBF693B2292A09200755F5A /* Frameworks */,
				BEBF693C2292A09200755F5A /* Resources */,
			);
			buildRules = (
			);
			dependencies = (
			);
			name = NCOneProject;
			productName = NCOneProject;
			productReference = BEBF693E2292A09200755F5A /* NCOneProject.app */;
			productType = "com.apple.product-type.application";
		};
/* End PBXNativeTarget section */

/* Begin PBXProject section */
		BEBF69362292A09200755F5A /* Project object */ = {
			isa = PBXProject;
			attributes = {
				LastSwiftUpdateCheck = 1020;
				LastUpgradeCheck = 1020;
				ORGANIZATIONNAME = "Finley Khouwira";
				TargetAttributes = {
					BEBF693D2292A09200755F5A = {
						CreatedOnToolsVersion = 10.2.1;
					};
				};
			};
			buildConfigurationList = BEBF69392292A09200755F5A /* Build configuration list for PBXProject "NCOneProject" */;
			compatibilityVersion = "Xcode 9.3";
			developmentRegion = en;
			hasScannedForEncodings = 0;
			knownRegions = (
				en,
				Base,
			);
			mainGroup = BEBF69352292A09200755F5A;
			productRefGroup = BEBF693F2292A09200755F5A /* Products */;
			projectDirPath = "";
			projectRoot = "";
			targets = (
				BEBF693D2292A09200755F5A /* NCOneProject */,
			);
		};
/* End PBXProject section */

/* Begin PBXResourcesBuildPhase section */
		BEBF693C2292A09200755F5A /* Resources */ = {
			isa = PBXResourcesBuildPhase;
			buildActionMask = 2147483647;
			files = (
				BE2DC41C22991197008C6338 /* LevelThree.sks in Resources */,
				BE2DC4092298DDFB008C6338 /* LevelTwo.sks in Resources */,
				BECF66BE2298435700EB99AD /* LevelOne.sks in Resources */,
				BEBF694D2292A09200755F5A /* Main.storyboard in Resources */,
				BE2DC4112298EFEB008C6338 /* LevelFour.sks in Resources */,
				BEBF694F2292A09300755F5A /* Assets.xcassets in Resources */,
				BEBF69522292A09300755F5A /* LaunchScreen.storyboard in Resources */,
			);
			runOnlyForDeploymentPostprocessing = 0;
		};
/* End PBXResourcesBuildPhase section */

/* Begin PBXSourcesBuildPhase section */
		BEBF693A2292A09200755F5A /* Sources */ = {
			isa = PBXSourcesBuildPhase;
			buildActionMask = 2147483647;
			files = (
				BE2DC41A22991162008C6338 /* LevelThree.swift in Sources */,
				BE2DC40B2298DE14008C6338 /* LevelTwo.swift in Sources */,
				BEBF69482292A09200755F5A /* GameScene.swift in Sources */,
				BEBF694A2292A09200755F5A /* GameViewController.swift in Sources */,
				BEBF69422292A09200755F5A /* AppDelegate.swift in Sources */,
				BE2DC41E229916E2008C6338 /* LevelFour.swift in Sources */,
				BECF66BA2298340700EB99AD /* LevelOne.swift in Sources */,
			);
			runOnlyForDeploymentPostprocessing = 0;
		};
/* End PBXSourcesBuildPhase section */

/* Begin PBXVariantGroup section */
		BEBF694B2292A09200755F5A /* Main.storyboard */ = {
			isa = PBXVariantGroup;
			children = (
				BEBF694C2292A09200755F5A /* Base */,
			);
			name = Main.storyboard;
			sourceTree = "<group>";
		};
		BEBF69502292A09300755F5A /* LaunchScreen.storyboard */ = {
			isa = PBXVariantGroup;
			children = (
				BEBF69512292A09300755F5A /* Base */,
			);
			name = LaunchScreen.storyboard;
			sourceTree = "<group>";
		};
/* End PBXVariantGroup section */

/* Begin XCBuildConfiguration section */
		BEBF69542292A09300755F5A /* Debug */ = {
			isa = XCBuildConfiguration;
			buildSettings = {
				ALWAYS_SEARCH_USER_PATHS = NO;
				CLANG_ANALYZER_NONNULL = YES;
				CLANG_ANALYZER_NUMBER_OBJECT_CONVERSION = YES_AGGRESSIVE;
				CLANG_CXX_LANGUAGE_STANDARD = "gnu++14";
				CLANG_CXX_LIBRARY = "libc++";
				CLANG_ENABLE_MODULES = YES;
				CLANG_ENABLE_OBJC_ARC = YES;
				CLANG_ENABLE_OBJC_WEAK = YES;
				CLANG_WARN_BLOCK_CAPTURE_AUTORELEASING = YES;
				CLANG_WARN_BOOL_CONVERSION = YES;
				CLANG_WARN_COMMA = YES;
				CLANG_WARN_CONSTANT_CONVERSION = YES;
				CLANG_WARN_DEPRECATED_OBJC_IMPLEMENTATIONS = YES;
				CLANG_WARN_DIRECT_OBJC_ISA_USAGE = YES_ERROR;
				CLANG_WARN_DOCUMENTATION_COMMENTS = YES;
				CLANG_WARN_EMPTY_BODY = YES;
				CLANG_WARN_ENUM_CONVERSION = YES;
				CLANG_WARN_INFINITE_RECURSION = YES;
				CLANG_WARN_INT_CONVERSION = YES;
				CLANG_WARN_NON_LITERAL_NULL_CONVERSION = YES;
				CLANG_WARN_OBJC_IMPLICIT_RETAIN_SELF = YES;
				CLANG_WARN_OBJC_LITERAL_CONVERSION = YES;
				CLANG_WARN_OBJC_ROOT_CLASS = YES_ERROR;
				CLANG_WARN_RANGE_LOOP_ANALYSIS = YES;
				CLANG_WARN_STRICT_PROTOTYPES = YES;
				CLANG_WARN_SUSPICIOUS_MOVE = YES;
				CLANG_WARN_UNGUARDED_AVAILABILITY = YES_AGGRESSIVE;
				CLANG_WARN_UNREACHABLE_CODE = YES;
				CLANG_WARN__DUPLICATE_METHOD_MATCH = YES;
				CODE_SIGN_IDENTITY = "iPhone Developer";
				COPY_PHASE_STRIP = NO;
				DEBUG_INFORMATION_FORMAT = dwarf;
				ENABLE_STRICT_OBJC_MSGSEND = YES;
				ENABLE_TESTABILITY = YES;
				GCC_C_LANGUAGE_STANDARD = gnu11;
				GCC_DYNAMIC_NO_PIC = NO;
				GCC_NO_COMMON_BLOCKS = YES;
				GCC_OPTIMIZATION_LEVEL = 0;
				GCC_PREPROCESSOR_DEFINITIONS = (
					"DEBUG=1",
					"$(inherited)",
				);
				GCC_WARN_64_TO_32_BIT_CONVERSION = YES;
				GCC_WARN_ABOUT_RETURN_TYPE = YES_ERROR;
				GCC_WARN_UNDECLARED_SELECTOR = YES;
				GCC_WARN_UNINITIALIZED_AUTOS = YES_AGGRESSIVE;
				GCC_WARN_UNUSED_FUNCTION = YES;
				GCC_WARN_UNUSED_VARIABLE = YES;
				IPHONEOS_DEPLOYMENT_TARGET = 12.2;
				MTL_ENABLE_DEBUG_INFO = INCLUDE_SOURCE;
				MTL_FAST_MATH = YES;
				ONLY_ACTIVE_ARCH = YES;
				SDKROOT = iphoneos;
				SWIFT_ACTIVE_COMPILATION_CONDITIONS = DEBUG;
				SWIFT_OPTIMIZATION_LEVEL = "-Onone";
			};
			name = Debug;
		};
		BEBF69552292A09300755F5A /* Release */ = {
			isa = XCBuildConfiguration;
			buildSettings = {
				ALWAYS_SEARCH_USER_PATHS = NO;
				CLANG_ANALYZER_NONNULL = YES;
				CLANG_ANALYZER_NUMBER_OBJECT_CONVERSION = YES_AGGRESSIVE;
				CLANG_CXX_LANGUAGE_STANDARD = "gnu++14";
				CLANG_CXX_LIBRARY = "libc++";
				CLANG_ENABLE_MODULES = YES;
				CLANG_ENABLE_OBJC_ARC = YES;
				CLANG_ENABLE_OBJC_WEAK = YES;
				CLANG_WARN_BLOCK_CAPTURE_AUTORELEASING = YES;
				CLANG_WARN_BOOL_CONVERSION = YES;
				CLANG_WARN_COMMA = YES;
				CLANG_WARN_CONSTANT_CONVERSION = YES;
				CLANG_WARN_DEPRECATED_OBJC_IMPLEMENTATIONS = YES;
				CLANG_WARN_DIRECT_OBJC_ISA_USAGE = YES_ERROR;
				CLANG_WARN_DOCUMENTATION_COMMENTS = YES;
				CLANG_WARN_EMPTY_BODY = YES;
				CLANG_WARN_ENUM_CONVERSION = YES;
				CLANG_WARN_INFINITE_RECURSION = YES;
				CLANG_WARN_INT_CONVERSION = YES;
				CLANG_WARN_NON_LITERAL_NULL_CONVERSION = YES;
				CLANG_WARN_OBJC_IMPLICIT_RETAIN_SELF = YES;
				CLANG_WARN_OBJC_LITERAL_CONVERSION = YES;
				CLANG_WARN_OBJC_ROOT_CLASS = YES_ERROR;
				CLANG_WARN_RANGE_LOOP_ANALYSIS = YES;
				CLANG_WARN_STRICT_PROTOTYPES = YES;
				CLANG_WARN_SUSPICIOUS_MOVE = YES;
				CLANG_WARN_UNGUARDED_AVAILABILITY = YES_AGGRESSIVE;
				CLANG_WARN_UNREACHABLE_CODE = YES;
				CLANG_WARN__DUPLICATE_METHOD_MATCH = YES;
				CODE_SIGN_IDENTITY = "iPhone Developer";
				COPY_PHASE_STRIP = NO;
				DEBUG_INFORMATION_FORMAT = "dwarf-with-dsym";
				ENABLE_NS_ASSERTIONS = NO;
				ENABLE_STRICT_OBJC_MSGSEND = YES;
				GCC_C_LANGUAGE_STANDARD = gnu11;
				GCC_NO_COMMON_BLOCKS = YES;
				GCC_WARN_64_TO_32_BIT_CONVERSION = YES;
				GCC_WARN_ABOUT_RETURN_TYPE = YES_ERROR;
				GCC_WARN_UNDECLARED_SELECTOR = YES;
				GCC_WARN_UNINITIALIZED_AUTOS = YES_AGGRESSIVE;
				GCC_WARN_UNUSED_FUNCTION = YES;
				GCC_WARN_UNUSED_VARIABLE = YES;
				IPHONEOS_DEPLOYMENT_TARGET = 12.2;
				MTL_ENABLE_DEBUG_INFO = NO;
				MTL_FAST_MATH = YES;
				SDKROOT = iphoneos;
				SWIFT_COMPILATION_MODE = wholemodule;
				SWIFT_OPTIMIZATION_LEVEL = "-O";
				VALIDATE_PRODUCT = YES;
			};
			name = Release;
		};
		BEBF69572292A09300755F5A /* Debug */ = {
			isa = XCBuildConfiguration;
			buildSettings = {
				ASSETCATALOG_COMPILER_APPICON_NAME = AppIcon;
				CODE_SIGN_STYLE = Automatic;
				DEVELOPMENT_TEAM = KWAHL2M87Z;
				INFOPLIST_FILE = NCOneProject/Info.plist;
				LD_RUNPATH_SEARCH_PATHS = (
					"$(inherited)",
					"@executable_path/Frameworks",
				);
				PRODUCT_BUNDLE_IDENTIFIER = com.ios.NCOneProject;
				PRODUCT_NAME = "$(TARGET_NAME)";
				SWIFT_VERSION = 5.0;
				TARGETED_DEVICE_FAMILY = "1,2";
			};
			name = Debug;
		};
		BEBF69582292A09300755F5A /* Release */ = {
			isa = XCBuildConfiguration;
			buildSettings = {
				ASSETCATALOG_COMPILER_APPICON_NAME = AppIcon;
				CODE_SIGN_STYLE = Automatic;
				DEVELOPMENT_TEAM = KWAHL2M87Z;
				INFOPLIST_FILE = NCOneProject/Info.plist;
				LD_RUNPATH_SEARCH_PATHS = (
					"$(inherited)",
					"@executable_path/Frameworks",
				);
				PRODUCT_BUNDLE_IDENTIFIER = com.ios.NCOneProject;
				PRODUCT_NAME = "$(TARGET_NAME)";
				SWIFT_VERSION = 5.0;
				TARGETED_DEVICE_FAMILY = "1,2";
			};
			name = Release;
		};
/* End XCBuildConfiguration section */

/* Begin XCConfigurationList section */
		BEBF69392292A09200755F5A /* Build configuration list for PBXProject "NCOneProject" */ = {
			isa = XCConfigurationList;
			buildConfigurations = (
				BEBF69542292A09300755F5A /* Debug */,
				BEBF69552292A09300755F5A /* Release */,
			);
			defaultConfigurationIsVisible = 0;
			defaultConfigurationName = Release;
		};
		BEBF69562292A09300755F5A /* Build configuration list for PBXNativeTarget "NCOneProject" */ = {
			isa = XCConfigurationList;
			buildConfigurations = (
				BEBF69572292A09300755F5A /* Debug */,
				BEBF69582292A09300755F5A /* Release */,
			);
			defaultConfigurationIsVisible = 0;
			defaultConfigurationName = Release;
		};
/* End XCConfigurationList section */
	};
	rootObject = BEBF69362292A09200755F5A /* Project object */;
}
